{
  "version": "2",
  "remote": {
    "https://cdn.jsdelivr.net/gh/urielch/react-icons@1.0.2/lib/iconBase.tsx": "46a5744319820204ca831b23b7eefd42a2e8d96e98b68b5401132c575858487a",
    "https://cdn.jsdelivr.net/gh/urielch/react-icons@1.0.2/lib/iconContext.ts": "a3ef1f1821598622472bf8aea52eaa4fdc7d27149e1757d569e1dc1e3f34d49f",
    "https://cdn.jsdelivr.net/gh/urielch/react-icons@1.0.2/mod.ts": "bc3488589fd0b51210c668edc32c519b721e126f0a6170c2c1fd11c912e4bbbf",
    "https://esm.sh/preact@10.15.1": "f76e241b0e3448a470b022592bed089a1616fd7e778fedabd1fbde722f7d2466",
    "https://esm.sh/preact@10.15.1/jsx-runtime": "3de35150533e8fab80c2e5acc0e5a09efa8488557c2307e221d31d25d85c2754",
    "https://esm.sh/stable/preact@10.15.1/deno/jsx-runtime.js": "a928c89a68606cb31d5b4516535310084f593e7ba34fd71fe61d0bca610b0547",
    "https://esm.sh/stable/preact@10.15.1/deno/preact.mjs": "be338d88b534f38e846474c5d981f65a35f1ae031bbba11aa3681c501c73134d",
    "https://esm.sh/v118/preact@10.15.1/jsx-runtime/src/index.d.ts": "e153460ed2b3fe2ad8b93696ecd48fbf73cd628b0b0ea6692b71804a3af69dfd",
    "https://esm.sh/v118/preact@10.15.1/src/index.d.ts": "fa83186a4b6caca36d52ca2d49b481c3ca5460988d4a8388d44dadc28987fb27",
    "https://esm.sh/v118/preact@10.15.1/src/jsx.d.ts": "a6e4b7e4af3b959f8cfd41a0f475c547807ebcec8524d9605ab5c6de79f302fa"
  }
}
